
Microsoft Visual Studio Solution File, Format Version 12.00
# Visual Studio Version 17
VisualStudioVersion = 17.0.31903.59
MinimumVisualStudioVersion = 10.0.40219.1
Project("{FAE04EC0-301F-11D3-BF4B-00C04F79EFBC}") = "CursorWebApi.Api", "CursorWebApi.Api\CursorWebApi.Api.csproj", "{1A5D8147-99E8-481A-B4EF-8144FACBE6CE}"
EndProject
Project("{FAE04EC0-301F-11D3-BF4B-00C04F79EFBC}") = "CursorWebApi.Application", "CursorWebApi.Application\CursorWebApi.Application.csproj", "{50597C54-78A5-437C-9022-80A21071EE82}"
EndProject
Project("{FAE04EC0-301F-11D3-BF4B-00C04F79EFBC}") = "CursorWebApi.Domain", "CursorWebApi.Domain\CursorWebApi.Domain.csproj", "{3367AF44-43FB-46B5-957D-3C63E5C11110}"
EndProject
Project("{FAE04EC0-301F-11D3-BF4B-00C04F79EFBC}") = "CursorWebApi.Infrastructure", "CursorWebApi.Infrastructure\CursorWebApi.Infrastructure.csproj", "{573142A4-176E-43B0-9E04-897C767BBF86}"
EndProject
Global
	GlobalSection(SolutionConfigurationPlatforms) = preSolution
		Debug|Any CPU = Debug|Any CPU
		Debug|x64 = Debug|x64
		Debug|x86 = Debug|x86
		Release|Any CPU = Release|Any CPU
		Release|x64 = Release|x64
		Release|x86 = Release|x86
	EndGlobalSection
	GlobalSection(ProjectConfigurationPlatforms) = postSolution
		{1A5D8147-99E8-481A-B4EF-8144FACBE6CE}.Debug|Any CPU.ActiveCfg = Debug|Any CPU
		{1A5D8147-99E8-481A-B4EF-8144FACBE6CE}.Debug|Any CPU.Build.0 = Debug|Any CPU
		{1A5D8147-99E8-481A-B4EF-8144FACBE6CE}.Debug|x64.ActiveCfg = Debug|Any CPU
		{1A5D8147-99E8-481A-B4EF-8144FACBE6CE}.Debug|x64.Build.0 = Debug|Any CPU
		{1A5D8147-99E8-481A-B4EF-8144FACBE6CE}.Debug|x86.ActiveCfg = Debug|Any CPU
		{1A5D8147-99E8-481A-B4EF-8144FACBE6CE}.Debug|x86.Build.0 = Debug|Any CPU
		{1A5D8147-99E8-481A-B4EF-8144FACBE6CE}.Release|Any CPU.ActiveCfg = Release|Any CPU
		{1A5D8147-99E8-481A-B4EF-8144FACBE6CE}.Release|Any CPU.Build.0 = Release|Any CPU
		{1A5D8147-99E8-481A-B4EF-8144FACBE6CE}.Release|x64.ActiveCfg = Release|Any CPU
		{1A5D8147-99E8-481A-B4EF-8144FACBE6CE}.Release|x64.Build.0 = Release|Any CPU
		{1A5D8147-99E8-481A-B4EF-8144FACBE6CE}.Release|x86.ActiveCfg = Release|Any CPU
		{1A5D8147-99E8-481A-B4EF-8144FACBE6CE}.Release|x86.Build.0 = Release|Any CPU
		{50597C54-78A5-437C-9022-80A21071EE82}.Debug|Any CPU.ActiveCfg = Debug|Any CPU
		{50597C54-78A5-437C-9022-80A21071EE82}.Debug|Any CPU.Build.0 = Debug|Any CPU
		{50597C54-78A5-437C-9022-80A21071EE82}.Debug|x64.ActiveCfg = Debug|Any CPU
		{50597C54-78A5-437C-9022-80A21071EE82}.Debug|x64.Build.0 = Debug|Any CPU
		{50597C54-78A5-437C-9022-80A21071EE82}.Debug|x86.ActiveCfg = Debug|Any CPU
		{50597C54-78A5-437C-9022-80A21071EE82}.Debug|x86.Build.0 = Debug|Any CPU
		{50597C54-78A5-437C-9022-80A21071EE82}.Release|Any CPU.ActiveCfg = Release|Any CPU
		{50597C54-78A5-437C-9022-80A21071EE82}.Release|Any CPU.Build.0 = Release|Any CPU
		{50597C54-78A5-437C-9022-80A21071EE82}.Release|x64.ActiveCfg = Release|Any CPU
		{50597C54-78A5-437C-9022-80A21071EE82}.Release|x64.Build.0 = Release|Any CPU
		{50597C54-78A5-437C-9022-80A21071EE82}.Release|x86.ActiveCfg = Release|Any CPU
		{50597C54-78A5-437C-9022-80A21071EE82}.Release|x86.Build.0 = Release|Any CPU
		{3367AF44-43FB-46B5-957D-3C63E5C11110}.Debug|Any CPU.ActiveCfg = Debug|Any CPU
		{3367AF44-43FB-46B5-957D-3C63E5C11110}.Debug|Any CPU.Build.0 = Debug|Any CPU
		{3367AF44-43FB-46B5-957D-3C63E5C11110}.Debug|x64.ActiveCfg = Debug|Any CPU
		{3367AF44-43FB-46B5-957D-3C63E5C11110}.Debug|x64.Build.0 = Debug|Any CPU
		{3367AF44-43FB-46B5-957D-3C63E5C11110}.Debug|x86.ActiveCfg = Debug|Any CPU
		{3367AF44-43FB-46B5-957D-3C63E5C11110}.Debug|x86.Build.0 = Debug|Any CPU
		{3367AF44-43FB-46B5-957D-3C63E5C11110}.Release|Any CPU.ActiveCfg = Release|Any CPU
		{3367AF44-43FB-46B5-957D-3C63E5C11110}.Release|Any CPU.Build.0 = Release|Any CPU
		{3367AF44-43FB-46B5-957D-3C63E5C11110}.Release|x64.ActiveCfg = Release|Any CPU
		{3367AF44-43FB-46B5-957D-3C63E5C11110}.Release|x64.Build.0 = Release|Any CPU
		{3367AF44-43FB-46B5-957D-3C63E5C11110}.Release|x86.ActiveCfg = Release|Any CPU
		{3367AF44-43FB-46B5-957D-3C63E5C11110}.Release|x86.Build.0 = Release|Any CPU
		{573142A4-176E-43B0-9E04-897C767BBF86}.Debug|Any CPU.ActiveCfg = Debug|Any CPU
		{573142A4-176E-43B0-9E04-897C767BBF86}.Debug|Any CPU.Build.0 = Debug|Any CPU
		{573142A4-176E-43B0-9E04-897C767BBF86}.Debug|x64.ActiveCfg = Debug|Any CPU
		{573142A4-176E-43B0-9E04-897C767BBF86}.Debug|x64.Build.0 = Debug|Any CPU
		{573142A4-176E-43B0-9E04-897C767BBF86}.Debug|x86.ActiveCfg = Debug|Any CPU
		{573142A4-176E-43B0-9E04-897C767BBF86}.Debug|x86.Build.0 = Debug|Any CPU
		{573142A4-176E-43B0-9E04-897C767BBF86}.Release|Any CPU.ActiveCfg = Release|Any CPU
		{573142A4-176E-43B0-9E04-897C767BBF86}.Release|Any CPU.Build.0 = Release|Any CPU
		{573142A4-176E-43B0-9E04-897C767BBF86}.Release|x64.ActiveCfg = Release|Any CPU
		{573142A4-176E-43B0-9E04-897C767BBF86}.Release|x64.Build.0 = Release|Any CPU
		{573142A4-176E-43B0-9E04-897C767BBF86}.Release|x86.ActiveCfg = Release|Any CPU
		{573142A4-176E-43B0-9E04-897C767BBF86}.Release|x86.Build.0 = Release|Any CPU
	EndGlobalSection
	GlobalSection(SolutionProperties) = preSolution
		HideSolutionNode = FALSE
	EndGlobalSection
EndGlobal
